<?xml version="1.0" encoding="utf-8"?>
<Project ToolsVersion="4.0" xmlns="http://schemas.microsoft.com/developer/msbuild/2003">
  <ItemGroup>
    <FxCompile Include="MembraneShader.hlsl" />
    <FxCompile Include="phongShading.hlsl" />
  </ItemGroup>
  <ItemGroup>
    <ClCompile Include="AnimateUI.cpp" />
    <ClCompile Include="animator.cpp" />
    <ClCompile Include="application.cpp" />
    <ClCompile Include="bg.cpp" />
    <ClCompile Include="billboard.cpp" />
    <ClCompile Include="BoxHitbox.cpp" />
    <ClCompile Include="camera.cpp" />
    <ClCompile Include="CylinderHitbox.cpp" />
    <ClCompile Include="debugProc.cpp" />
    <ClCompile Include="directionalLight.cpp" />
    <ClCompile Include="fade.cpp" />
    <ClCompile Include="firstStage.cpp" />
    <ClCompile Include="game.cpp" />
    <ClCompile Include="hitbox.cpp" />
    <ClCompile Include="input.cpp" />
    <ClCompile Include="inputKeyboard.cpp" />
    <ClCompile Include="inputMouse.cpp" />
    <ClCompile Include="Letter.cpp" />
    <ClCompile Include="light.cpp" />
    <ClCompile Include="line.cpp" />
    <ClCompile Include="main.cpp" />
    <ClCompile Include="membraneLighting.cpp" />
    <ClCompile Include="meshfield.cpp" />
    <ClCompile Include="mode.cpp" />
    <ClCompile Include="model.cpp" />
    <ClCompile Include="modelPart.cpp" />
    <ClCompile Include="nail.cpp" />
    <ClCompile Include="number.cpp" />
    <ClCompile Include="object.cpp" />
    <ClCompile Include="object2D.cpp" />
    <ClCompile Include="object3D.cpp" />
    <ClCompile Include="phongShading.cpp" />
    <ClCompile Include="player.cpp" />
    <ClCompile Include="pointLight.cpp" />
    <ClCompile Include="ranking.cpp" />
    <ClCompile Include="rendering.cpp" />
    <ClCompile Include="results.cpp" />
    <ClCompile Include="score.cpp" />
    <ClCompile Include="silhouette.cpp" />
    <ClCompile Include="sound.cpp" />
    <ClCompile Include="spikeTrap.cpp" />
    <ClCompile Include="title.cpp" />
    <ClCompile Include="UIString.cpp" />
    <ClCompile Include="scorebox.cpp" />
    <ClCompile Include="timerbox.cpp" />
    <ClCompile Include="timer.cpp" />
  </ItemGroup>
  <ItemGroup>
    <ClInclude Include="AnimateUI.h" />
    <ClInclude Include="animator.h" />
    <ClInclude Include="application.h" />
    <ClInclude Include="bg.h" />
    <ClInclude Include="billboard.h" />
    <ClInclude Include="BoxHitbox.h" />
    <ClInclude Include="camera.h" />
    <ClInclude Include="CylinderHitbox.h" />
    <ClInclude Include="debugProc.h" />
    <ClInclude Include="directionalLight.h" />
    <ClInclude Include="fade.h" />
    <ClInclude Include="firstStage.h" />
    <ClInclude Include="game.h" />
    <ClInclude Include="hitbox.h" />
    <ClInclude Include="input.h" />
    <ClInclude Include="inputKeyboard.h" />
    <ClInclude Include="inputMouse.h" />
    <ClInclude Include="Letter.h" />
    <ClInclude Include="light.h" />
    <ClInclude Include="line.h" />
    <ClInclude Include="main.h" />
    <ClInclude Include="membraneLighting.h" />
    <ClInclude Include="meshfield.h" />
    <ClInclude Include="mode.h" />
    <ClInclude Include="model.h" />
    <ClInclude Include="modelPart.h" />
    <ClInclude Include="nail.h" />
    <ClInclude Include="number.h" />
    <ClInclude Include="object.h" />
    <ClInclude Include="object2D.h" />
    <ClInclude Include="object3D.h" />
    <ClInclude Include="phongShading.h" />
    <ClInclude Include="player.h" />
    <ClInclude Include="pointLight.h" />
    <ClInclude Include="ranking.h" />
    <ClInclude Include="rendering.h" />
    <ClInclude Include="results.h" />
    <ClInclude Include="score.h" />
    <ClInclude Include="silhouette.h" />
    <ClInclude Include="sound.h" />
    <ClInclude Include="spikeTrap.h" />
    <ClInclude Include="title.h" />
    <ClInclude Include="UIString.h" />
    <ClInclude Include="scorebox.h" />
    <ClInclude Include="timerbox.h" />
    <ClInclude Include="timer.h" />
  </ItemGroup>
</Project>